# This file is autogenerated and supposed to be committed to the git repository.
# Changing this file is not recommended and will likely break the build.

[conda]
_openmp_mutex=4.5=7_kmp_llvm @ 58b415dc
_python_abi3_support=1.0=hd8ed1ab_2 @ 2cda1526
aiobotocore=3.3.0=pyhcf101f3_0 @ 931c1ab2
aiohappyeyeballs=2.6.1=pyhd8ed1ab_0 @ 2cda1526
aiohttp=3.13.3=py312h9f8c436_0 @ 58b415dc
aioitertools=0.13.0=pyhd8ed1ab_0 @ 2cda1526
aiosignal=1.4.0=pyhd8ed1ab_0 @ 2cda1526
attrs=26.1.0=pyhcf101f3_0 @ 931c1ab2
aws-c-auth=0.10.1=h8be066e_1 @ c9a01b68
aws-c-cal=0.9.13=h6ee9776_1 @ 58b415dc
aws-c-common=0.12.6=hc919400_0 @ 58b415dc
aws-c-compression=0.3.2=h3e7f9b5_0 @ 58b415dc
aws-c-event-stream=0.6.0=hd533cd8_0 @ c9a01b68
aws-c-http=0.10.11=ha1850f6_0 @ c9a01b68
aws-c-io=0.26.1=h4137820_2 @ c9a01b68
aws-c-mqtt=0.15.0=h38f3471_1 @ c9a01b68
aws-c-s3=0.11.5=hb540d77_4 @ c9a01b68
aws-c-sdkutils=0.2.4=h16f91aa_4 @ 58b415dc
aws-checksums=0.2.10=h3e7f9b5_0 @ 58b415dc
aws-crt-cpp=0.37.4=h2f1f815_2 @ c9a01b68
aws-sdk-cpp=1.11.747=had22720_3 @ c9a01b68
azure-core-cpp=1.16.2=he5ae378_0 @ 58b415dc
azure-identity-cpp=1.13.3=h810541e_1 @ 58b415dc
azure-storage-blobs-cpp=12.16.0=hc57151b_1 @ 58b415dc
azure-storage-common-cpp=12.12.0=he467506_1 @ 58b415dc
azure-storage-files-datalake-cpp=12.14.0=hf8a9d22_1 @ 58b415dc
backports.zstd=1.3.0=py312h44dc372_0 @ 58b415dc
botocore=1.42.70=pyhd8ed1ab_0 @ 931c1ab2
brotli-python=1.2.0=py312h0dfefe5_1 @ 58b415dc
bzip2=1.0.8=hd037594_9 @ 58b415dc
c-ares=1.34.6=hc919400_0 @ 58b415dc
ca-certificates=2026.2.25=hbd8a1cb_0 @ 2cda1526
certifi=2026.2.25=pyhd8ed1ab_0 @ 2cda1526
charset-normalizer=3.4.6=pyhd8ed1ab_0 @ 931c1ab2
conjure-python-client=2.12.0=pyhd8ed1ab_1 @ 2cda1526
cpython=3.12.13=py312hd8ed1ab_0 @ 77dc15eb
data-health-api=1.1475.0=py_0 @ 5a011d5e
foundry-container-sidecar-api=0.2233.0=py_0 @ 5a011d5e
foundry-data-sidecar-api=0.966.0=py_0 @ 586315a4
foundry-transforms-lib-python=0.1068.0=py_0 @ 586315a4
frozenlist=1.7.0=py312h512c567_0 @ 58b415dc
fsspec=2026.2.0=pyhd8ed1ab_0 @ 2cda1526
gflags=2.2.2=hf9b8971_1005 @ 58b415dc
glog=0.7.1=heb240a5_0 @ 58b415dc
h2=4.3.0=pyhcf101f3_0 @ 2cda1526
hpack=4.1.0=pyhd8ed1ab_0 @ 2cda1526
hyperframe=6.1.0=pyhd8ed1ab_0 @ 2cda1526
idna=3.11=pyhd8ed1ab_0 @ 2cda1526
importlib-metadata=8.8.0=pyhcf101f3_0 @ 931c1ab2
jmespath=1.1.0=pyhcf101f3_1 @ 2cda1526
krb5=1.22.2=h385eeb1_0 @ 58b415dc
libabseil=20260107.1=cxx17_h2062a1b_0 @ 58b415dc
libarrow=23.0.1=ha17ba11_8_cpu @ c9a01b68
libarrow-acero=23.0.1=hc2ec245_8_cpu @ c9a01b68
libarrow-compute=23.0.1=he17fb98_8_cpu @ c9a01b68
libarrow-dataset=23.0.1=hc2ec245_8_cpu @ c9a01b68
libarrow-substrait=23.0.1=h05be00f_8_cpu @ c9a01b68
libblas=3.11.0=5_h51639a9_openblas @ 58b415dc
libbrotlicommon=1.2.0=hc919400_1 @ 58b415dc
libbrotlidec=1.2.0=hc919400_1 @ 58b415dc
libbrotlienc=1.2.0=hc919400_1 @ 58b415dc
libcblas=3.11.0=5_hb0561ab_openblas @ 58b415dc
libcrc32c=1.1.2=hbdafb3b_0 @ 8328165a
libcurl=8.19.0=hd5a2499_0 @ c9a01b68
libcxx=22.1.1=h55c6f16_0 @ c9a01b68
libedit=3.1.20250104=pl5321hafb1f1b_0 @ 58b415dc
libev=4.33=h93a5062_2 @ 58b415dc
libevent=2.1.12=h2757513_1 @ 58b415dc
libexpat=2.7.4=hf6b4638_0 @ 58b415dc
libffi=3.5.2=he5f378a_0 @ 58b415dc
libgcc=15.2.0=hcbb3090_18 @ 58b415dc
libgfortran=15.2.0=h07b0088_18 @ 58b415dc
libgfortran5=15.2.0=hdae7583_18 @ 58b415dc
libgoogle-cloud=3.3.0=hfde6bee_0 @ c9a01b68
libgoogle-cloud-storage=3.3.0=ha114238_0 @ c9a01b68
libgrpc=1.78.1=h3e3f78d_0 @ c9a01b68
libiconv=1.18=h23cfdf5_2 @ 58b415dc
liblapack=3.11.0=5_hd9741b5_openblas @ 58b415dc
liblzma=5.8.2=h8088a28_0 @ 58b415dc
libnghttp2=1.68.1=h8f3e76b_0 @ c9a01b68
libopenblas=0.3.30=openmp_ha158390_4 @ 58b415dc
libopentelemetry-cpp=1.25.0=h08d5cc3_0 @ c9a01b68
libopentelemetry-cpp-headers=1.25.0=hce30654_0 @ c9a01b68
libparquet=23.0.1=h0381fe9_8_cpu @ c9a01b68
libprotobuf=6.33.5=h4a5acfd_0 @ 58b415dc
libre2-11=2025.11.05=h4c27e2a_1 @ 58b415dc
libsqlite=3.52.0=h1b79a29_0 @ c9a01b68
libssh2=1.11.1=h1590b86_0 @ 58b415dc
libthrift=0.22.0=h14a376c_1 @ 58b415dc
libutf8proc=2.11.3=h2431656_0 @ 58b415dc
libxml2=2.15.2=h762f11a_0 @ c9a01b68
libxml2-16=2.15.2=h6967ea9_0 @ c9a01b68
libzlib=1.3.2=h8088a28_2 @ c9a01b68
llvm-openmp=22.1.0=hc7d1edf_0 @ 58b415dc
lz4-c=1.10.0=h286801f_1 @ 58b415dc
multidict=6.7.1=py312h43af8aa_0 @ 58b415dc
ncurses=6.5=h5e97a16_3 @ 58b415dc
nlohmann_json=3.12.0=h784d473_1 @ 58b415dc
numpy=1.26.4=py312h8442bc7_0 @ 58b415dc
openssl=3.6.1=hd24854e_1 @ 58b415dc
orc=2.3.0=hd11884d_0 @ c9a01b68
packaging=26.0=pyhcf101f3_0 @ 2cda1526
palantir-spark-time=3.24.0=py_0 @ 586315a4
pandas=3.0.1=py312hae6be28_0 @ c9a01b68
parsimonious=0.10.0=pyhd8ed1ab_1 @ 2cda1526
pip=26.0.1=pyh8b19718_0 @ 2cda1526
polars=1.39.3=pyh58ad624_0 @ 931c1ab2
polars-runtime-32=1.39.3=py310h216a1ac_0 @ c9a01b68
prometheus-cpp=1.3.0=h0967b3e_0 @ 58b415dc
propcache=0.3.1=py312h998013c_0 @ 58b415dc
py4j=0.10.9.7=pyhd8ed1ab_0 @ 586315a4
pyarrow=23.0.1=py312h1f38498_0 @ 58b415dc
pyarrow-core=23.0.1=py312h21b41d0_0_cpu @ 58b415dc
pysocks=1.7.1=pyha55dd90_7 @ 2cda1526
pyspark=3.5.5.25=py_0 @ 586315a4
pyspark-src=3.5.5.25=py_0 @ 586315a4
python=3.12.13=h8561d8f_0_cpython @ c9a01b68
python-dateutil=2.9.0.post0=pyhe01879c_2 @ 2cda1526
python-gil=3.12.13=hd8ed1ab_0 @ 77dc15eb
python_abi=3.12=8_cp312 @ 2cda1526
pytz=2026.1.post1=pyhcf101f3_0 @ 931c1ab2
pyyaml=6.0.3=py312h04c11ed_1 @ 58b415dc
re2=2025.11.05=ha480c28_1 @ 58b415dc
readline=8.3=h46df422_0 @ 58b415dc
regex=2026.2.28=py312h2bbb03f_0 @ 58b415dc
requests=2.32.5=pyhcf101f3_1 @ 2cda1526
s3fs=2026.2.0=pyhd8ed1ab_1 @ 2cda1526
setuptools=78.1.1=pyhff2d567_0 @ 2cda1526
six=1.17.0=pyhe01879c_1 @ 2cda1526
snappy=1.2.2=hada39a4_1 @ 58b415dc
tables-api=0.1066.0=py_0 @ 586315a4
tk=8.6.13=h010d191_3 @ 58b415dc
transforms=3.168.1=py_0 @ 586315a4
transforms-container-ops-python=0.236.0=py312 @ 8328165a
transforms-expectations=0.1199.0=py_0 @ a0b41669
transforms-preview=0.1199.0=py_0 @ a0b41669
transforms-verbs=0.1199.0=py_0 @ a0b41669
typeguard=4.5.1=pyhd8ed1ab_0 @ 2cda1526
typing-extensions=4.15.0=h396c80c_0 @ 2cda1526
typing_extensions=4.15.0=pyhcf101f3_0 @ 2cda1526
tzdata=2025c=hc9c84f9_1 @ 2cda1526
urllib3=2.6.3=pyhd8ed1ab_0 @ 2cda1526
wheel=0.46.3=pyhd8ed1ab_0 @ 2cda1526
wrapt=2.1.2=py312h2bbb03f_0 @ c9a01b68
yaml=0.2.5=h925e9cb_3 @ 58b415dc
yarl=1.23.0=py312h04c11ed_0 @ c9a01b68
zipp=3.23.0=pyhcf101f3_1 @ 2cda1526
zlib=1.3.2=h8088a28_2 @ c9a01b68
zstd=1.5.7=hbf9d68e_6 @ 58b415dc

[pip]

[conda-metadata]
2cda1526 - noarch @ conda @ ri.transforms.python.artifacts.repository
586315a4 - noarch @ tar.bz2 @ ri.transforms.python.artifacts.repository
58b415dc - osx-arm64 @ conda @ ri.transforms.python.artifacts.repository
5a011d5e - noarch @ tar.bz2 @ ri.artifacts.repository.python-library.foundry-transforms-lib
77dc15eb - noarch @ conda @ ri.transforms-addons-bundle..artifacts.bundle
8328165a - osx-arm64 @ tar.bz2 @ ri.transforms.python.artifacts.repository
931c1ab2 - noarch @ conda @ ri.artifacts.repository.artifactory.external-conda-forge
a0b41669 - noarch @ tar.bz2 @ ri.transforms-addons-bundle..artifacts.bundle
c9a01b68 - osx-arm64 @ conda @ ri.artifacts.repository.artifactory.external-conda-forge

[pip-indices]
ri.artifacts.repository.python-library.foundry-transforms-lib
ri.stemma.main.repository.db0a30f8-ef28-41ac-9a23-552f3d93a79a
ri.transforms-addons-bundle..artifacts.bundle
ri.transforms.python.artifacts.runtime

[cran-repos]
ri.stemma.main.repository.db0a30f8-ef28-41ac-9a23-552f3d93a79a

[conda lock version]
v3 - a5a6d07aa76dfbb6d3d4caaa552c87bb8f2522f186fad9969777f00bb56200b6
